// !$*UTF8*$!
{
	archiveVersion = 1;
	classes = {
	};
	objectVersion = 50;
	objects = {

/* Begin PBXBuildFile section */
		384D18F626B8D3F700E543D5 /* CardView.swift in Sources */ = {isa = PBXBuildFile; fileRef = 384D18F526B8D3F700E543D5 /* CardView.swift */; };
		384D18F826B8D54900E543D5 /* WalletView.swift in Sources */ = {isa = PBXBuildFile; fileRef = 384D18F726B8D54900E543D5 /* WalletView.swift */; };
		F4DCC57F23F929220053B757 /* AppDelegate.swift in Sources */ = {isa = PBXBuildFile; fileRef = F4DCC57E23F929220053B757 /* AppDelegate.swift */; };
		F4DCC58123F929220053B757 /* SceneDelegate.swift in Sources */ = {isa = PBXBuildFile; fileRef = F4DCC58023F929220053B757 /* SceneDelegate.swift */; };
		F4DCC58523F929240053B757 /* Assets.xcassets in Resources */ = {isa = PBXBuildFile; fileRef = F4DCC58423F929240053B757 /* Assets.xcassets */; };
		F4DCC58823F929240053B757 /* Preview Assets.xcassets in Resources */ = {isa = PBXBuildFile; fileRef = F4DCC58723F929240053B757 /* Preview Assets.xcassets */; };
		F4DCC58B23F929240053B757 /* LaunchScreen.storyboard in Resources */ = {isa = PBXBuildFile; fileRef = F4DCC58923F929240053B757 /* LaunchScreen.storyboard */; };
		F4DCC59423F92CD40053B757 /* Transaction.swift in Sources */ = {isa = PBXBuildFile; fileRef = F4DCC59323F92CD40053B757 /* Transaction.swift */; };
		F4DCC59723F92D250053B757 /* TransactionHistoryView.swift in Sources */ = {isa = PBXBuildFile; fileRef = F4DCC59623F92D250053B757 /* TransactionHistoryView.swift */; };
		F4DCC59923F9300B0053B757 /* Card.swift in Sources */ = {isa = PBXBuildFile; fileRef = F4DCC59823F9300B0053B757 /* Card.swift */; };
/* End PBXBuildFile section */

/* Begin PBXFileReference section */
		384D18F526B8D3F700E543D5 /* CardView.swift */ = {isa = PBXFileReference; lastKnownFileType = sourcecode.swift; path = CardView.swift; sourceTree = "<group>"; };
		384D18F726B8D54900E543D5 /* WalletView.swift */ = {isa = PBXFileReference; lastKnownFileType = sourcecode.swift; path = WalletView.swift; sourceTree = "<group>"; };
		F4DCC57B23F929220053B757 /* SwiftUIWallet.app */ = {isa = PBXFileReference; explicitFileType = wrapper.application; includeInIndex = 0; path = SwiftUIWallet.app; sourceTree = BUILT_PRODUCTS_DIR; };
		F4DCC57E23F929220053B757 /* AppDelegate.swift */ = {isa = PBXFileReference; lastKnownFileType = sourcecode.swift; path = AppDelegate.swift; sourceTree = "<group>"; };
		F4DCC58023F929220053B757 /* SceneDelegate.swift */ = {isa = PBXFileReference; lastKnownFileType = sourcecode.swift; path = SceneDelegate.swift; sourceTree = "<group>"; };
		F4DCC58423F929240053B757 /* Assets.xcassets */ = {isa = PBXFileReference; lastKnownFileType = folder.assetcatalog; path = Assets.xcassets; sourceTree = "<group>"; };
		F4DCC58723F929240053B757 /* Preview Assets.xcassets */ = {isa = PBXFileReference; lastKnownFileType = folder.assetcatalog; path = "Preview Assets.xcassets"; sourceTree = "<group>"; };
		F4DCC58A23F929240053B757 /* Base */ = {isa = PBXFileReference; lastKnownFileType = file.storyboard; name = Base; path = Base.lproj/LaunchScreen.storyboard; sourceTree = "<group>"; };
		F4DCC58C23F929240053B757 /* Info.plist */ = {isa = PBXFileReference; lastKnownFileType = text.plist.xml; path = Info.plist; sourceTree = "<group>"; };
		F4DCC59323F92CD40053B757 /* Transaction.swift */ = {isa = PBXFileReference; lastKnownFileType = sourcecode.swift; path = Transaction.swift; sourceTree = "<group>"; };
		F4DCC59623F92D250053B757 /* TransactionHistoryView.swift */ = {isa = PBXFileReference; lastKnownFileType = sourcecode.swift; path = TransactionHistoryView.swift; sourceTree = "<group>"; };
		F4DCC59823F9300B0053B757 /* Card.swift */ = {isa = PBXFileReference; lastKnownFileType = sourcecode.swift; path = Card.swift; sourceTree = "<group>"; };
/* End PBXFileReference section */

/* Begin PBXFrameworksBuildPhase section */
		F4DCC57823F929220053B757 /* Frameworks */ = {
			isa = PBXFrameworksBuildPhase;
			buildActionMask = 2147483647;
			files = (
			);
			runOnlyForDeploymentPostprocessing = 0;
		};
/* End PBXFrameworksBuildPhase section */

/* Begin PBXGroup section */
		F4DCC57223F929220053B757 = {
			isa = PBXGroup;
			children = (
				F4DCC57D23F929220053B757 /* SwiftUIWallet */,
				F4DCC57C23F929220053B757 /* Products */,
			);
			sourceTree = "<group>";
		};
		F4DCC57C23F929220053B757 /* Products */ = {
			isa = PBXGroup;
			children = (
				F4DCC57B23F929220053B757 /* SwiftUIWallet.app */,
			);
			name = Products;
			sourceTree = "<group>";
		};
		F4DCC57D23F929220053B757 /* SwiftUIWallet */ = {
			isa = PBXGroup;
			children = (
				F4DCC59523F92D0D0053B757 /* View */,
				F4DCC59223F92AAC0053B757 /* Model */,
				F4DCC57E23F929220053B757 /* AppDelegate.swift */,
				F4DCC58023F929220053B757 /* SceneDelegate.swift */,
				F4DCC58423F929240053B757 /* Assets.xcassets */,
				F4DCC58923F929240053B757 /* LaunchScreen.storyboard */,
				F4DCC58C23F929240053B757 /* Info.plist */,
				F4DCC58623F929240053B757 /* Preview Content */,
			);
			path = SwiftUIWallet;
			sourceTree = "<group>";
		};
		F4DCC58623F929240053B757 /* Preview Content */ = {
			isa = PBXGroup;
			children = (
				F4DCC58723F929240053B757 /* Preview Assets.xcassets */,
			);
			path = "Preview Content";
			sourceTree = "<group>";
		};
		F4DCC59223F92AAC0053B757 /* Model */ = {
			isa = PBXGroup;
			children = (
				F4DCC59323F92CD40053B757 /* Transaction.swift */,
				F4DCC59823F9300B0053B757 /* Card.swift */,
			);
			path = Model;
			sourceTree = "<group>";
		};
		F4DCC59523F92D0D0053B757 /* View */ = {
			isa = PBXGroup;
			children = (
				F4DCC59623F92D250053B757 /* TransactionHistoryView.swift */,
				384D18F526B8D3F700E543D5 /* CardView.swift */,
				384D18F726B8D54900E543D5 /* WalletView.swift */,
			);
			path = View;
			sourceTree = "<group>";
		};
/* End PBXGroup section */

/* Begin PBXNativeTarget section */
		F4DCC57A23F929220053B757 /* SwiftUIWallet */ = {
			isa = PBXNativeTarget;
			buildConfigurationList = F4DCC58F23F929240053B757 /* Build configuration list for PBXNativeTarget "SwiftUIWallet" */;
			buildPhases = (
				F4DCC57723F929220053B757 /* Sources */,
				F4DCC57823F929220053B757 /* Frameworks */,
				F4DCC57923F929220053B757 /* Resources */,
			);
			buildRules = (
			);
			dependencies = (
			);
			name = SwiftUIWallet;
			productName = SwiftUIWallet;
			productReference = F4DCC57B23F929220053B757 /* SwiftUIWallet.app */;
			productType = "com.apple.product-type.application";
		};
/* End PBXNativeTarget section */

/* Begin PBXProject section */
		F4DCC57323F929220053B757 /* Project object */ = {
			isa = PBXProject;
			attributes = {
				LastSwiftUpdateCheck = 1130;
				LastUpgradeCheck = 1130;
				ORGANIZATIONNAME = AppCoda;
				TargetAttributes = {
					F4DCC57A23F929220053B757 = {
						CreatedOnToolsVersion = 11.3.1;
					};
				};
			};
			buildConfigurationList = F4DCC57623F929220053B757 /* Build configuration list for PBXProject "SwiftUIWallet" */;
			compatibilityVersion = "Xcode 9.3";
			developmentRegion = en;
			hasScannedForEncodings = 0;
			knownRegions = (
				en,
				Base,
			);
			mainGroup = F4DCC57223F929220053B757;
			productRefGroup = F4DCC57C23F929220053B757 /* Products */;
			projectDirPath = "";
			projectRoot = "";
			targets = (
				F4DCC57A23F929220053B757 /* SwiftUIWallet */,
			);
		};
/* End PBXProject section */

/* Begin PBXResourcesBuildPhase section */
		F4DCC57923F929220053B757 /* Resources */ = {
			isa = PBXResourcesBuildPhase;
			buildActionMask = 2147483647;
			files = (
				F4DCC58B23F929240053B757 /* LaunchScreen.storyboard in Resources */,
				F4DCC58823F929240053B757 /* Preview Assets.xcassets in Resources */,
				F4DCC58523F929240053B757 /* Assets.xcassets in Resources */,
			);
			runOnlyForDeploymentPostprocessing = 0;
		};
/* End PBXResourcesBuildPhase section */

/* Begin PBXSourcesBuildPhase section */
		F4DCC57723F929220053B757 /* Sources */ = {
			isa = PBXSourcesBuildPhase;
			buildActionMask = 2147483647;
			files = (
				384D18F626B8D3F700E543D5 /* CardView.swift in Sources */,
				F4DCC57F23F929220053B757 /* AppDelegate.swift in Sources */,
				F4DCC59923F9300B0053B757 /* Card.swift in Sources */,
				F4DCC58123F929220053B757 /* SceneDelegate.swift in Sources */,
				F4DCC59423F92CD40053B757 /* Transaction.swift in Sources */,
				F4DCC59723F92D250053B757 /* TransactionHistoryView.swift in Sources */,
				384D18F826B8D54900E543D5 /* WalletView.swift in Sources */,
			);
			runOnlyForDeploymentPostprocessing = 0;
		};
/* End PBXSourcesBuildPhase section */

/* Begin PBXVariantGroup section */
		F4DCC58923F929240053B757 /* LaunchScreen.storyboard */ = {
			isa = PBXVariantGroup;
			children = (
				F4DCC58A23F929240053B757 /* Base */,
			);
			name = LaunchScreen.storyboard;
			sourceTree = "<group>";
		};
/* End PBXVariantGroup section */

/* Begin XCBuildConfiguration section */
		F4DCC58D23F929240053B757 /* Debug */ = {
			isa = XCBuildConfiguration;
			buildSettings = {
				ALWAYS_SEARCH_USER_PATHS = NO;
				CLANG_ANALYZER_NONNULL = YES;
				CLANG_ANALYZER_NUMBER_OBJECT_CONVERSION = YES_AGGRESSIVE;
				CLANG_CXX_LANGUAGE_STANDARD = "gnu++14";
				CLANG_CXX_LIBRARY = "libc++";
				CLANG_ENABLE_MODULES = YES;
				CLANG_ENABLE_OBJC_ARC = YES;
				CLANG_ENABLE_OBJC_WEAK = YES;
				CLANG_WARN_BLOCK_CAPTURE_AUTORELEASING = YES;
				CLANG_WARN_BOOL_CONVERSION = YES;
				CLANG_WARN_COMMA = YES;
				CLANG_WARN_CONSTANT_CONVERSION = YES;
				CLANG_WARN_DEPRECATED_OBJC_IMPLEMENTATIONS = YES;
				CLANG_WARN_DIRECT_OBJC_ISA_USAGE = YES_ERROR;
				CLANG_WARN_DOCUMENTATION_COMMENTS = YES;
				CLANG_WARN_EMPTY_BODY = YES;
				CLANG_WARN_ENUM_CONVERSION = YES;
				CLANG_WARN_INFINITE_RECURSION = YES;
				CLANG_WARN_INT_CONVERSION = YES;
				CLANG_WARN_NON_LITERAL_NULL_CONVERSION = YES;
				CLANG_WARN_OBJC_IMPLICIT_RETAIN_SELF = YES;
				CLANG_WARN_OBJC_LITERAL_CONVERSION = YES;
				CLANG_WARN_OBJC_ROOT_CLASS = YES_ERROR;
				CLANG_WARN_RANGE_LOOP_ANALYSIS = YES;
				CLANG_WARN_STRICT_PROTOTYPES = YES;
				CLANG_WARN_SUSPICIOUS_MOVE = YES;
				CLANG_WARN_UNGUARDED_AVAILABILITY = YES_AGGRESSIVE;
				CLANG_WARN_UNREACHABLE_CODE = YES;
				CLANG_WARN__DUPLICATE_METHOD_MATCH = YES;
				COPY_PHASE_STRIP = NO;
				DEBUG_INFORMATION_FORMAT = dwarf;
				ENABLE_STRICT_OBJC_MSGSEND = YES;
				ENABLE_TESTABILITY = YES;
				GCC_C_LANGUAGE_STANDARD = gnu11;
				GCC_DYNAMIC_NO_PIC = NO;
				GCC_NO_COMMON_BLOCKS = YES;
				GCC_OPTIMIZATION_LEVEL = 0;
				GCC_PREPROCESSOR_DEFINITIONS = (
					"DEBUG=1",
					"$(inherited)",
				);
				GCC_WARN_64_TO_32_BIT_CONVERSION = YES;
				GCC_WARN_ABOUT_RETURN_TYPE = YES_ERROR;
				GCC_WARN_UNDECLARED_SELECTOR = YES;
				GCC_WARN_UNINITIALIZED_AUTOS = YES_AGGRESSIVE;
				GCC_WARN_UNUSED_FUNCTION = YES;
				GCC_WARN_UNUSED_VARIABLE = YES;
				IPHONEOS_DEPLOYMENT_TARGET = 13.2;
				MTL_ENABLE_DEBUG_INFO = INCLUDE_SOURCE;
				MTL_FAST_MATH = YES;
				ONLY_ACTIVE_ARCH = YES;
				SDKROOT = iphoneos;
				SWIFT_ACTIVE_COMPILATION_CONDITIONS = DEBUG;
				SWIFT_OPTIMIZATION_LEVEL = "-Onone";
			};
			name = Debug;
		};
		F4DCC58E23F929240053B757 /* Release */ = {
			isa = XCBuildConfiguration;
			buildSettings = {
				ALWAYS_SEARCH_USER_PATHS = NO;
				CLANG_ANALYZER_NONNULL = YES;
				CLANG_ANALYZER_NUMBER_OBJECT_CONVERSION = YES_AGGRESSIVE;
				CLANG_CXX_LANGUAGE_STANDARD = "gnu++14";
				CLANG_CXX_LIBRARY = "libc++";
				CLANG_ENABLE_MODULES = YES;
				CLANG_ENABLE_OBJC_ARC = YES;
				CLANG_ENABLE_OBJC_WEAK = YES;
				CLANG_WARN_BLOCK_CAPTURE_AUTORELEASING = YES;
				CLANG_WARN_BOOL_CONVERSION = YES;
				CLANG_WARN_COMMA = YES;
				CLANG_WARN_CONSTANT_CONVERSION = YES;
				CLANG_WARN_DEPRECATED_OBJC_IMPLEMENTATIONS = YES;
				CLANG_WARN_DIRECT_OBJC_ISA_USAGE = YES_ERROR;
				CLANG_WARN_DOCUMENTATION_COMMENTS = YES;
				CLANG_WARN_EMPTY_BODY = YES;
				CLANG_WARN_ENUM_CONVERSION = YES;
				CLANG_WARN_INFINITE_RECURSION = YES;
				CLANG_WARN_INT_CONVERSION = YES;
				CLANG_WARN_NON_LITERAL_NULL_CONVERSION = YES;
				CLANG_WARN_OBJC_IMPLICIT_RETAIN_SELF = YES;
				CLANG_WARN_OBJC_LITERAL_CONVERSION = YES;
				CLANG_WARN_OBJC_ROOT_CLASS = YES_ERROR;
				CLANG_WARN_RANGE_LOOP_ANALYSIS = YES;
				CLANG_WARN_STRICT_PROTOTYPES = YES;
				CLANG_WARN_SUSPICIOUS_MOVE = YES;
				CLANG_WARN_UNGUARDED_AVAILABILITY = YES_AGGRESSIVE;
				CLANG_WARN_UNREACHABLE_CODE = YES;
				CLANG_WARN__DUPLICATE_METHOD_MATCH = YES;
				COPY_PHASE_STRIP = NO;
				DEBUG_INFORMATION_FORMAT = "dwarf-with-dsym";
				ENABLE_NS_ASSERTIONS = NO;
				ENABLE_STRICT_OBJC_MSGSEND = YES;
				GCC_C_LANGUAGE_STANDARD = gnu11;
				GCC_NO_COMMON_BLOCKS = YES;
				GCC_WARN_64_TO_32_BIT_CONVERSION = YES;
				GCC_WARN_ABOUT_RETURN_TYPE = YES_ERROR;
				GCC_WARN_UNDECLARED_SELECTOR = YES;
				GCC_WARN_UNINITIALIZED_AUTOS = YES_AGGRESSIVE;
				GCC_WARN_UNUSED_FUNCTION = YES;
				GCC_WARN_UNUSED_VARIABLE = YES;
				IPHONEOS_DEPLOYMENT_TARGET = 13.2;
				MTL_ENABLE_DEBUG_INFO = NO;
				MTL_FAST_MATH = YES;
				SDKROOT = iphoneos;
				SWIFT_COMPILATION_MODE = wholemodule;
				SWIFT_OPTIMIZATION_LEVEL = "-O";
				VALIDATE_PRODUCT = YES;
			};
			name = Release;
		};
		F4DCC59023F929240053B757 /* Debug */ = {
			isa = XCBuildConfiguration;
			buildSettings = {
				ASSETCATALOG_COMPILER_APPICON_NAME = AppIcon;
				CODE_SIGN_STYLE = Automatic;
				DEVELOPMENT_ASSET_PATHS = "\"SwiftUIWallet/Preview Content\"";
				ENABLE_PREVIEWS = YES;
				INFOPLIST_FILE = SwiftUIWallet/Info.plist;
				LD_RUNPATH_SEARCH_PATHS = (
					"$(inherited)",
					"@executable_path/Frameworks",
				);
				PRODUCT_BUNDLE_IDENTIFIER = com.appcoda.SwiftUIWallet;
				PRODUCT_NAME = "$(TARGET_NAME)";
				SWIFT_VERSION = 5.0;
				TARGETED_DEVICE_FAMILY = "1,2";
			};
			name = Debug;
		};
		F4DCC59123F929240053B757 /* Release */ = {
			isa = XCBuildConfiguration;
			buildSettings = {
				ASSETCATALOG_COMPILER_APPICON_NAME = AppIcon;
				CODE_SIGN_STYLE = Automatic;
				DEVELOPMENT_ASSET_PATHS = "\"SwiftUIWallet/Preview Content\"";
				ENABLE_PREVIEWS = YES;
				INFOPLIST_FILE = SwiftUIWallet/Info.plist;
				LD_RUNPATH_SEARCH_PATHS = (
					"$(inherited)",
					"@executable_path/Frameworks",
				);
				PRODUCT_BUNDLE_IDENTIFIER = com.appcoda.SwiftUIWallet;
				PRODUCT_NAME = "$(TARGET_NAME)";
				SWIFT_VERSION = 5.0;
				TARGETED_DEVICE_FAMILY = "1,2";
			};
			name = Release;
		};
/* End XCBuildConfiguration section */

/* Begin XCConfigurationList section */
		F4DCC57623F929220053B757 /* Build configuration list for PBXProject "SwiftUIWallet" */ = {
			isa = XCConfigurationList;
			buildConfigurations = (
				F4DCC58D23F929240053B757 /* Debug */,
				F4DCC58E23F929240053B757 /* Release */,
			);
			defaultConfigurationIsVisible = 0;
			defaultConfigurationName = Release;
		};
		F4DCC58F23F929240053B757 /* Build configuration list for PBXNativeTarget "SwiftUIWallet" */ = {
			isa = XCConfigurationList;
			buildConfigurations = (
				F4DCC59023F929240053B757 /* Debug */,
				F4DCC59123F929240053B757 /* Release */,
			);
			defaultConfigurationIsVisible = 0;
			defaultConfigurationName = Release;
		};
/* End XCConfigurationList section */
	};
	rootObject = F4DCC57323F929220053B757 /* Project object */;
}
